
Microsoft Visual Studio Solution File, Format Version 12.00
# Visual Studio Version 17
VisualStudioVersion = 17.8.34330.188
MinimumVisualStudioVersion = 10.0.40219.1
Project("{FAE04EC0-301F-11D3-BF4B-00C04F79EFBC}") = "pbms_be", "pbms_be.csproj", "{3F78DC40-938F-4CA1-A8B7-8C2077F4CC02}"
EndProject
Global
	GlobalSection(SolutionConfigurationPlatforms) = preSolution
		Debug|Any CPU = Debug|Any CPU
		Release|Any CPU = Release|Any CPU
	EndGlobalSection
	GlobalSection(ProjectConfigurationPlatforms) = postSolution
		{3F78DC40-938F-4CA1-A8B7-8C2077F4CC02}.Debug|Any CPU.ActiveCfg = Debug|Any CPU
		{3F78DC40-938F-4CA1-A8B7-8C2077F4CC02}.Debug|Any CPU.Build.0 = Debug|Any CPU
		{3F78DC40-938F-4CA1-A8B7-8C2077F4CC02}.Release|Any CPU.ActiveCfg = Release|Any CPU
		{3F78DC40-938F-4CA1-A8B7-8C2077F4CC02}.Release|Any CPU.Build.0 = Release|Any CPU
	EndGlobalSection
	GlobalSection(SolutionProperties) = preSolution
		HideSolutionNode = FALSE
	EndGlobalSection
	GlobalSection(ExtensibilityGlobals) = postSolution
		SolutionGuid = {03E6E388-9DD4-4E12-8F96-C7AD48180C17}
	EndGlobalSection
EndGlobal
